
Microsoft Visual Studio Solution File, Format Version 12.00
# Visual Studio Version 17
VisualStudioVersion = 17.2.32210.308
MinimumVisualStudioVersion = 10.0.40219.1
Project("{2150E333-8FDC-42A3-9474-1A3956D46DE8}") = "Solution Items", "Solution Items", "{5B93EA75-564E-4527-B6B4-251A663859CA}"
	ProjectSection(SolutionItems) = preProject
		.gitignore = .gitignore
		README.md = README.md
	EndProjectSection
EndProject
Project("{2150E333-8FDC-42A3-9474-1A3956D46DE8}") = "src", "src", "{C0292E7A-8978-4278-9056-34AF5B766270}"
EndProject
Project("{2150E333-8FDC-42A3-9474-1A3956D46DE8}") = "Core", "Core", "{EAF60494-D935-445D-ABEB-ADF7CA3E24EF}"
EndProject
Project("{2150E333-8FDC-42A3-9474-1A3956D46DE8}") = "UI", "UI", "{948EE8A2-802D-4EA3-9667-C7EC5884415B}"
EndProject
Project("{FAE04EC0-301F-11D3-BF4B-00C04F79EFBC}") = "Exobry.Examples.AA_BlazorState_MediatR.Pages", "src\Exobry.Examples.AA_BlazorState_MediatR.Pages\Exobry.Examples.AA_BlazorState_MediatR.Pages.csproj", "{0385D5D8-D90E-4203-B54E-F33364D9DB25}"
EndProject
Project("{FAE04EC0-301F-11D3-BF4B-00C04F79EFBC}") = "Exobry.Examples.AA_BlazorState_MediatR.Client", "src\Exobry.Examples.AA_BlazorState_MediatR.Client\Exobry.Examples.AA_BlazorState_MediatR.Client.csproj", "{48B04C13-AEC7-4F72-BAE5-FCBC4FF6F0D5}"
EndProject
Project("{FAE04EC0-301F-11D3-BF4B-00C04F79EFBC}") = "Exobry.Examples.AA_BlazorState_MediatR.Components", "src\Exobry.Examples.AA_BlazorState_MediatR.Components\Exobry.Examples.AA_BlazorState_MediatR.Components.csproj", "{16F1B9C7-B695-4BCA-895D-259A360B1067}"
EndProject
Global
	GlobalSection(SolutionConfigurationPlatforms) = preSolution
		Debug|Any CPU = Debug|Any CPU
		Release|Any CPU = Release|Any CPU
	EndGlobalSection
	GlobalSection(ProjectConfigurationPlatforms) = postSolution
		{0385D5D8-D90E-4203-B54E-F33364D9DB25}.Debug|Any CPU.ActiveCfg = Debug|Any CPU
		{0385D5D8-D90E-4203-B54E-F33364D9DB25}.Debug|Any CPU.Build.0 = Debug|Any CPU
		{0385D5D8-D90E-4203-B54E-F33364D9DB25}.Release|Any CPU.ActiveCfg = Release|Any CPU
		{0385D5D8-D90E-4203-B54E-F33364D9DB25}.Release|Any CPU.Build.0 = Release|Any CPU
		{48B04C13-AEC7-4F72-BAE5-FCBC4FF6F0D5}.Debug|Any CPU.ActiveCfg = Debug|Any CPU
		{48B04C13-AEC7-4F72-BAE5-FCBC4FF6F0D5}.Debug|Any CPU.Build.0 = Debug|Any CPU
		{48B04C13-AEC7-4F72-BAE5-FCBC4FF6F0D5}.Release|Any CPU.ActiveCfg = Release|Any CPU
		{48B04C13-AEC7-4F72-BAE5-FCBC4FF6F0D5}.Release|Any CPU.Build.0 = Release|Any CPU
		{16F1B9C7-B695-4BCA-895D-259A360B1067}.Debug|Any CPU.ActiveCfg = Debug|Any CPU
		{16F1B9C7-B695-4BCA-895D-259A360B1067}.Debug|Any CPU.Build.0 = Debug|Any CPU
		{16F1B9C7-B695-4BCA-895D-259A360B1067}.Release|Any CPU.ActiveCfg = Release|Any CPU
		{16F1B9C7-B695-4BCA-895D-259A360B1067}.Release|Any CPU.Build.0 = Release|Any CPU
	EndGlobalSection
	GlobalSection(SolutionProperties) = preSolution
		HideSolutionNode = FALSE
	EndGlobalSection
	GlobalSection(NestedProjects) = preSolution
		{EAF60494-D935-445D-ABEB-ADF7CA3E24EF} = {C0292E7A-8978-4278-9056-34AF5B766270}
		{948EE8A2-802D-4EA3-9667-C7EC5884415B} = {C0292E7A-8978-4278-9056-34AF5B766270}
		{0385D5D8-D90E-4203-B54E-F33364D9DB25} = {948EE8A2-802D-4EA3-9667-C7EC5884415B}
		{48B04C13-AEC7-4F72-BAE5-FCBC4FF6F0D5} = {948EE8A2-802D-4EA3-9667-C7EC5884415B}
		{16F1B9C7-B695-4BCA-895D-259A360B1067} = {948EE8A2-802D-4EA3-9667-C7EC5884415B}
	EndGlobalSection
	GlobalSection(ExtensibilityGlobals) = postSolution
		SolutionGuid = {3A0729BC-62E3-4FBA-AC14-2D5114427FAF}
	EndGlobalSection
EndGlobal
